// !$*UTF8*$!
{
	archiveVersion = 1;
	classes = {
	};
	objectVersion = 77;
	objects = {

/* Begin PBXBuildFile section */
		4F00ACC82DD1F34B00790387 /* Kingfisher in Frameworks */ = {isa = PBXBuildFile; productRef = 4F00ACC72DD1F34B00790387 /* Kingfisher */; };
/* End PBXBuildFile section */

/* Begin PBXContainerItemProxy section */
		4FFFC5CA2D6AED0100591210 /* PBXContainerItemProxy */ = {
			isa = PBXContainerItemProxy;
			containerPortal = 4FFFC5B12D6AECFF00591210 /* Project object */;
			proxyType = 1;
			remoteGlobalIDString = 4FFFC5B82D6AECFF00591210;
			remoteInfo = general_project;
		};
		4FFFC5D42D6AED0100591210 /* PBXContainerItemProxy */ = {
			isa = PBXContainerItemProxy;
			containerPortal = 4FFFC5B12D6AECFF00591210 /* Project object */;
			proxyType = 1;
			remoteGlobalIDString = 4FFFC5B82D6AECFF00591210;
			remoteInfo = general_project;
		};
/* End PBXContainerItemProxy section */

/* Begin PBXFileReference section */
		4FFFC5B92D6AECFF00591210 /* general_project.app */ = {isa = PBXFileReference; explicitFileType = wrapper.application; includeInIndex = 0; path = general_project.app; sourceTree = BUILT_PRODUCTS_DIR; };
		4FFFC5C92D6AED0100591210 /* general_projectTests.xctest */ = {isa = PBXFileReference; explicitFileType = wrapper.cfbundle; includeInIndex = 0; path = general_projectTests.xctest; sourceTree = BUILT_PRODUCTS_DIR; };
		4FFFC5D32D6AED0100591210 /* general_projectUITests.xctest */ = {isa = PBXFileReference; explicitFileType = wrapper.cfbundle; includeInIndex = 0; path = general_projectUITests.xctest; sourceTree = BUILT_PRODUCTS_DIR; };
/* End PBXFileReference section */

/* Begin PBXFileSystemSynchronizedRootGroup section */
		4FFFC5BB2D6AECFF00591210 /* general_project */ = {
			isa = PBXFileSystemSynchronizedRootGroup;
			path = general_project;
			sourceTree = "<group>";
		};
		4FFFC5CC2D6AED0100591210 /* general_projectTests */ = {
			isa = PBXFileSystemSynchronizedRootGroup;
			path = general_projectTests;
			sourceTree = "<group>";
		};
		4FFFC5D62D6AED0100591210 /* general_projectUITests */ = {
			isa = PBXFileSystemSynchronizedRootGroup;
			path = general_projectUITests;
			sourceTree = "<group>";
		};
/* End PBXFileSystemSynchronizedRootGroup section */

/* Begin PBXFrameworksBuildPhase section */
		4FFFC5B62D6AECFF00591210 /* Frameworks */ = {
			isa = PBXFrameworksBuildPhase;
			buildActionMask = 2147483647;
			files = (
				4F00ACC82DD1F34B00790387 /* Kingfisher in Frameworks */,
			);
			runOnlyForDeploymentPostprocessing = 0;
		};
		4FFFC5C62D6AED0100591210 /* Frameworks */ = {
			isa = PBXFrameworksBuildPhase;
			buildActionMask = 2147483647;
			files = (
			);
			runOnlyForDeploymentPostprocessing = 0;
		};
		4FFFC5D02D6AED0100591210 /* Frameworks */ = {
			isa = PBXFrameworksBuildPhase;
			buildActionMask = 2147483647;
			files = (
			);
			runOnlyForDeploymentPostprocessing = 0;
		};
/* End PBXFrameworksBuildPhase section */

/* Begin PBXGroup section */
		4FFFC5B02D6AECFF00591210 = {
			isa = PBXGroup;
			children = (
				4FFFC5BB2D6AECFF00591210 /* general_project */,
				4FFFC5CC2D6AED0100591210 /* general_projectTests */,
				4FFFC5D62D6AED0100591210 /* general_projectUITests */,
				4FFFC5BA2D6AECFF00591210 /* Products */,
			);
			sourceTree = "<group>";
		};
		4FFFC5BA2D6AECFF00591210 /* Products */ = {
			isa = PBXGroup;
			children = (
				4FFFC5B92D6AECFF00591210 /* general_project.app */,
				4FFFC5C92D6AED0100591210 /* general_projectTests.xctest */,
				4FFFC5D32D6AED0100591210 /* general_projectUITests.xctest */,
			);
			name = Products;
			sourceTree = "<group>";
		};
/* End PBXGroup section */

/* Begin PBXNativeTarget section */
		4FFFC5B82D6AECFF00591210 /* general_project */ = {
			isa = PBXNativeTarget;
			buildConfigurationList = 4FFFC5DD2D6AED0100591210 /* Build configuration list for PBXNativeTarget "general_project" */;
			buildPhases = (
				4FFFC5B52D6AECFF00591210 /* Sources */,
				4FFFC5B62D6AECFF00591210 /* Frameworks */,
				4FFFC5B72D6AECFF00591210 /* Resources */,
			);
			buildRules = (
			);
			dependencies = (
			);
			fileSystemSynchronizedGroups = (
				4FFFC5BB2D6AECFF00591210 /* general_project */,
			);
			name = general_project;
			packageProductDependencies = (
				4F00ACC72DD1F34B00790387 /* Kingfisher */,
			);
			productName = general_project;
			productReference = 4FFFC5B92D6AECFF00591210 /* general_project.app */;
			productType = "com.apple.product-type.application";
		};
		4FFFC5C82D6AED0100591210 /* general_projectTests */ = {
			isa = PBXNativeTarget;
			buildConfigurationList = 4FFFC5E02D6AED0100591210 /* Build configuration list for PBXNativeTarget "general_projectTests" */;
			buildPhases = (
				4FFFC5C52D6AED0100591210 /* Sources */,
				4FFFC5C62D6AED0100591210 /* Frameworks */,
				4FFFC5C72D6AED0100591210 /* Resources */,
			);
			buildRules = (
			);
			dependencies = (
				4FFFC5CB2D6AED0100591210 /* PBXTargetDependency */,
			);
			fileSystemSynchronizedGroups = (
				4FFFC5CC2D6AED0100591210 /* general_projectTests */,
			);
			name = general_projectTests;
			packageProductDependencies = (
			);
			productName = general_projectTests;
			productReference = 4FFFC5C92D6AED0100591210 /* general_projectTests.xctest */;
			productType = "com.apple.product-type.bundle.unit-test";
		};
		4FFFC5D22D6AED0100591210 /* general_projectUITests */ = {
			isa = PBXNativeTarget;
			buildConfigurationList = 4FFFC5E32D6AED0100591210 /* Build configuration list for PBXNativeTarget "general_projectUITests" */;
			buildPhases = (
				4FFFC5CF2D6AED0100591210 /* Sources */,
				4FFFC5D02D6AED0100591210 /* Frameworks */,
				4FFFC5D12D6AED0100591210 /* Resources */,
			);
			buildRules = (
			);
			dependencies = (
				4FFFC5D52D6AED0100591210 /* PBXTargetDependency */,
			);
			fileSystemSynchronizedGroups = (
				4FFFC5D62D6AED0100591210 /* general_projectUITests */,
			);
			name = general_projectUITests;
			packageProductDependencies = (
			);
			productName = general_projectUITests;
			productReference = 4FFFC5D32D6AED0100591210 /* general_projectUITests.xctest */;
			productType = "com.apple.product-type.bundle.ui-testing";
		};
/* End PBXNativeTarget section */

/* Begin PBXProject section */
		4FFFC5B12D6AECFF00591210 /* Project object */ = {
			isa = PBXProject;
			attributes = {
				BuildIndependentTargetsInParallel = 1;
				LastSwiftUpdateCheck = 1620;
				LastUpgradeCheck = 1620;
				TargetAttributes = {
					4FFFC5B82D6AECFF00591210 = {
						CreatedOnToolsVersion = 16.2;
					};
					4FFFC5C82D6AED0100591210 = {
						CreatedOnToolsVersion = 16.2;
						TestTargetID = 4FFFC5B82D6AECFF00591210;
					};
					4FFFC5D22D6AED0100591210 = {
						CreatedOnToolsVersion = 16.2;
						TestTargetID = 4FFFC5B82D6AECFF00591210;
					};
				};
			};
			buildConfigurationList = 4FFFC5B42D6AECFF00591210 /* Build configuration list for PBXProject "general_project" */;
			developmentRegion = en;
			hasScannedForEncodings = 0;
			knownRegions = (
				en,
				Base,
			);
			mainGroup = 4FFFC5B02D6AECFF00591210;
			minimizedProjectReferenceProxies = 1;
			packageReferences = (
				4F00ACC62DD1F34B00790387 /* XCRemoteSwiftPackageReference "Kingfisher" */,
			);
			preferredProjectObjectVersion = 77;
			productRefGroup = 4FFFC5BA2D6AECFF00591210 /* Products */;
			projectDirPath = "";
			projectRoot = "";
			targets = (
				4FFFC5B82D6AECFF00591210 /* general_project */,
				4FFFC5C82D6AED0100591210 /* general_projectTests */,
				4FFFC5D22D6AED0100591210 /* general_projectUITests */,
			);
		};
/* End PBXProject section */

/* Begin PBXResourcesBuildPhase section */
		4FFFC5B72D6AECFF00591210 /* Resources */ = {
			isa = PBXResourcesBuildPhase;
			buildActionMask = 2147483647;
			files = (
			);
			runOnlyForDeploymentPostprocessing = 0;
		};
		4FFFC5C72D6AED0100591210 /* Resources */ = {
			isa = PBXResourcesBuildPhase;
			buildActionMask = 2147483647;
			files = (
			);
			runOnlyForDeploymentPostprocessing = 0;
		};
		4FFFC5D12D6AED0100591210 /* Resources */ = {
			isa = PBXResourcesBuildPhase;
			buildActionMask = 2147483647;
			files = (
			);
			runOnlyForDeploymentPostprocessing = 0;
		};
/* End PBXResourcesBuildPhase section */

/* Begin PBXSourcesBuildPhase section */
		4FFFC5B52D6AECFF00591210 /* Sources */ = {
			isa = PBXSourcesBuildPhase;
			buildActionMask = 2147483647;
			files = (
			);
			runOnlyForDeploymentPostprocessing = 0;
		};
		4FFFC5C52D6AED0100591210 /* Sources */ = {
			isa = PBXSourcesBuildPhase;
			buildActionMask = 2147483647;
			files = (
			);
			runOnlyForDeploymentPostprocessing = 0;
		};
		4FFFC5CF2D6AED0100591210 /* Sources */ = {
			isa = PBXSourcesBuildPhase;
			buildActionMask = 2147483647;
			files = (
			);
			runOnlyForDeploymentPostprocessing = 0;
		};
/* End PBXSourcesBuildPhase section */

/* Begin PBXTargetDependency section */
		4FFFC5CB2D6AED0100591210 /* PBXTargetDependency */ = {
			isa = PBXTargetDependency;
			target = 4FFFC5B82D6AECFF00591210 /* general_project */;
			targetProxy = 4FFFC5CA2D6AED0100591210 /* PBXContainerItemProxy */;
		};
		4FFFC5D52D6AED0100591210 /* PBXTargetDependency */ = {
			isa = PBXTargetDependency;
			target = 4FFFC5B82D6AECFF00591210 /* general_project */;
			targetProxy = 4FFFC5D42D6AED0100591210 /* PBXContainerItemProxy */;
		};
/* End PBXTargetDependency section */

/* Begin XCBuildConfiguration section */
		4FFFC5DB2D6AED0100591210 /* Debug */ = {
			isa = XCBuildConfiguration;
			buildSettings = {
				ALWAYS_SEARCH_USER_PATHS = NO;
				ASSETCATALOG_COMPILER_GENERATE_SWIFT_ASSET_SYMBOL_EXTENSIONS = YES;
				CLANG_ANALYZER_NONNULL = YES;
				CLANG_ANALYZER_NUMBER_OBJECT_CONVERSION = YES_AGGRESSIVE;
				CLANG_CXX_LANGUAGE_STANDARD = "gnu++20";
				CLANG_ENABLE_MODULES = YES;
				CLANG_ENABLE_OBJC_ARC = YES;
				CLANG_ENABLE_OBJC_WEAK = YES;
				CLANG_WARN_BLOCK_CAPTURE_AUTORELEASING = YES;
				CLANG_WARN_BOOL_CONVERSION = YES;
				CLANG_WARN_COMMA = YES;
				CLANG_WARN_CONSTANT_CONVERSION = YES;
				CLANG_WARN_DEPRECATED_OBJC_IMPLEMENTATIONS = YES;
				CLANG_WARN_DIRECT_OBJC_ISA_USAGE = YES_ERROR;
				CLANG_WARN_DOCUMENTATION_COMMENTS = YES;
				CLANG_WARN_EMPTY_BODY = YES;
				CLANG_WARN_ENUM_CONVERSION = YES;
				CLANG_WARN_INFINITE_RECURSION = YES;
				CLANG_WARN_INT_CONVERSION = YES;
				CLANG_WARN_NON_LITERAL_NULL_CONVERSION = YES;
				CLANG_WARN_OBJC_IMPLICIT_RETAIN_SELF = YES;
				CLANG_WARN_OBJC_LITERAL_CONVERSION = YES;
				CLANG_WARN_OBJC_ROOT_CLASS = YES_ERROR;
				CLANG_WARN_QUOTED_INCLUDE_IN_FRAMEWORK_HEADER = YES;
				CLANG_WARN_RANGE_LOOP_ANALYSIS = YES;
				CLANG_WARN_STRICT_PROTOTYPES = YES;
				CLANG_WARN_SUSPICIOUS_MOVE = YES;
				CLANG_WARN_UNGUARDED_AVAILABILITY = YES_AGGRESSIVE;
				CLANG_WARN_UNREACHABLE_CODE = YES;
				CLANG_WARN__DUPLICATE_METHOD_MATCH = YES;
				COPY_PHASE_STRIP = NO;
				DEBUG_INFORMATION_FORMAT = dwarf;
				ENABLE_STRICT_OBJC_MSGSEND = YES;
				ENABLE_TESTABILITY = YES;
				ENABLE_USER_SCRIPT_SANDBOXING = YES;
				GCC_C_LANGUAGE_STANDARD = gnu17;
				GCC_DYNAMIC_NO_PIC = NO;
				GCC_NO_COMMON_BLOCKS = YES;
				GCC_OPTIMIZATION_LEVEL = 0;
				GCC_PREPROCESSOR_DEFINITIONS = (
					"DEBUG=1",
					"$(inherited)",
				);
				GCC_WARN_64_TO_32_BIT_CONVERSION = YES;
				GCC_WARN_ABOUT_RETURN_TYPE = YES_ERROR;
				GCC_WARN_UNDECLARED_SELECTOR = YES;
				GCC_WARN_UNINITIALIZED_AUTOS = YES_AGGRESSIVE;
				GCC_WARN_UNUSED_FUNCTION = YES;
				GCC_WARN_UNUSED_VARIABLE = YES;
				IPHONEOS_DEPLOYMENT_TARGET = 18.2;
				LOCALIZATION_PREFERS_STRING_CATALOGS = YES;
				MTL_ENABLE_DEBUG_INFO = INCLUDE_SOURCE;
				MTL_FAST_MATH = YES;
				ONLY_ACTIVE_ARCH = YES;
				SDKROOT = iphoneos;
				SWIFT_ACTIVE_COMPILATION_CONDITIONS = "DEBUG $(inherited)";
				SWIFT_OPTIMIZATION_LEVEL = "-Onone";
			};
			name = Debug;
		};
		4FFFC5DC2D6AED0100591210 /* Release */ = {
			isa = XCBuildConfiguration;
			buildSettings = {
				ALWAYS_SEARCH_USER_PATHS = NO;
				ASSETCATALOG_COMPILER_GENERATE_SWIFT_ASSET_SYMBOL_EXTENSIONS = YES;
				CLANG_ANALYZER_NONNULL = YES;
				CLANG_ANALYZER_NUMBER_OBJECT_CONVERSION = YES_AGGRESSIVE;
				CLANG_CXX_LANGUAGE_STANDARD = "gnu++20";
				CLANG_ENABLE_MODULES = YES;
				CLANG_ENABLE_OBJC_ARC = YES;
				CLANG_ENABLE_OBJC_WEAK = YES;
				CLANG_WARN_BLOCK_CAPTURE_AUTORELEASING = YES;
				CLANG_WARN_BOOL_CONVERSION = YES;
				CLANG_WARN_COMMA = YES;
				CLANG_WARN_CONSTANT_CONVERSION = YES;
				CLANG_WARN_DEPRECATED_OBJC_IMPLEMENTATIONS = YES;
				CLANG_WARN_DIRECT_OBJC_ISA_USAGE = YES_ERROR;
				CLANG_WARN_DOCUMENTATION_COMMENTS = YES;
				CLANG_WARN_EMPTY_BODY = YES;
				CLANG_WARN_ENUM_CONVERSION = YES;
				CLANG_WARN_INFINITE_RECURSION = YES;
				CLANG_WARN_INT_CONVERSION = YES;
				CLANG_WARN_NON_LITERAL_NULL_CONVERSION = YES;
				CLANG_WARN_OBJC_IMPLICIT_RETAIN_SELF = YES;
				CLANG_WARN_OBJC_LITERAL_CONVERSION = YES;
				CLANG_WARN_OBJC_ROOT_CLASS = YES_ERROR;
				CLANG_WARN_QUOTED_INCLUDE_IN_FRAMEWORK_HEADER = YES;
				CLANG_WARN_RANGE_LOOP_ANALYSIS = YES;
				CLANG_WARN_STRICT_PROTOTYPES = YES;
				CLANG_WARN_SUSPICIOUS_MOVE = YES;
				CLANG_WARN_UNGUARDED_AVAILABILITY = YES_AGGRESSIVE;
				CLANG_WARN_UNREACHABLE_CODE = YES;
				CLANG_WARN__DUPLICATE_METHOD_MATCH = YES;
				COPY_PHASE_STRIP = NO;
				DEBUG_INFORMATION_FORMAT = "dwarf-with-dsym";
				ENABLE_NS_ASSERTIONS = NO;
				ENABLE_STRICT_OBJC_MSGSEND = YES;
				ENABLE_USER_SCRIPT_SANDBOXING = YES;
				GCC_C_LANGUAGE_STANDARD = gnu17;
				GCC_NO_COMMON_BLOCKS = YES;
				GCC_WARN_64_TO_32_BIT_CONVERSION = YES;
				GCC_WARN_ABOUT_RETURN_TYPE = YES_ERROR;
				GCC_WARN_UNDECLARED_SELECTOR = YES;
				GCC_WARN_UNINITIALIZED_AUTOS = YES_AGGRESSIVE;
				GCC_WARN_UNUSED_FUNCTION = YES;
				GCC_WARN_UNUSED_VARIABLE = YES;
				IPHONEOS_DEPLOYMENT_TARGET = 18.2;
				LOCALIZATION_PREFERS_STRING_CATALOGS = YES;
				MTL_ENABLE_DEBUG_INFO = NO;
				MTL_FAST_MATH = YES;
				SDKROOT = iphoneos;
				SWIFT_COMPILATION_MODE = wholemodule;
				VALIDATE_PRODUCT = YES;
			};
			name = Release;
		};
		4FFFC5DE2D6AED0100591210 /* Debug */ = {
			isa = XCBuildConfiguration;
			buildSettings = {
				ASSETCATALOG_COMPILER_APPICON_NAME = AppIcon;
				ASSETCATALOG_COMPILER_GLOBAL_ACCENT_COLOR_NAME = AccentColor;
				CODE_SIGN_STYLE = Automatic;
				CURRENT_PROJECT_VERSION = 1;
				DEVELOPMENT_ASSET_PATHS = "\"general_project/Preview Content\"";
				DEVELOPMENT_TEAM = ZWZA259GK8;
				ENABLE_PREVIEWS = YES;
				GENERATE_INFOPLIST_FILE = YES;
				INFOPLIST_FILE = "general-project-Info.plist";
				INFOPLIST_KEY_CFBundleDisplayName = "";
				INFOPLIST_KEY_NSPhotoLibraryUsageDescription = "사진을 업로드하기 위해 사용자의 사진 라이브러리에 접근합니다.";
				INFOPLIST_KEY_UIApplicationSceneManifest_Generation = YES;
				INFOPLIST_KEY_UIApplicationSupportsIndirectInputEvents = YES;
				INFOPLIST_KEY_UILaunchScreen_Generation = YES;
				INFOPLIST_KEY_UISupportedInterfaceOrientations_iPad = "UIInterfaceOrientationPortrait UIInterfaceOrientationPortraitUpsideDown UIInterfaceOrientationLandscapeLeft UIInterfaceOrientationLandscapeRight";
				INFOPLIST_KEY_UISupportedInterfaceOrientations_iPhone = "UIInterfaceOrientationPortrait UIInterfaceOrientationLandscapeLeft UIInterfaceOrientationLandscapeRight";
				LD_RUNPATH_SEARCH_PATHS = (
					"$(inherited)",
					"@executable_path/Frameworks",
				);
				MARKETING_VERSION = 1.0;
				PRODUCT_BUNDLE_IDENTIFIER = "com.syproj.general-project";
				PRODUCT_NAME = "$(TARGET_NAME)";
				SWIFT_EMIT_LOC_STRINGS = YES;
				SWIFT_VERSION = 5.0;
				TARGETED_DEVICE_FAMILY = "1,2";
			};
			name = Debug;
		};
		4FFFC5DF2D6AED0100591210 /* Release */ = {
			isa = XCBuildConfiguration;
			buildSettings = {
				ASSETCATALOG_COMPILER_APPICON_NAME = AppIcon;
				ASSETCATALOG_COMPILER_GLOBAL_ACCENT_COLOR_NAME = AccentColor;
				CODE_SIGN_STYLE = Automatic;
				CURRENT_PROJECT_VERSION = 1;
				DEVELOPMENT_ASSET_PATHS = "\"general_project/Preview Content\"";
				DEVELOPMENT_TEAM = ZWZA259GK8;
				ENABLE_PREVIEWS = YES;
				GENERATE_INFOPLIST_FILE = YES;
				INFOPLIST_FILE = "general-project-Info.plist";
				INFOPLIST_KEY_CFBundleDisplayName = "";
				INFOPLIST_KEY_NSPhotoLibraryUsageDescription = "사진을 업로드하기 위해 사용자의 사진 라이브러리에 접근합니다.";
				INFOPLIST_KEY_UIApplicationSceneManifest_Generation = YES;
				INFOPLIST_KEY_UIApplicationSupportsIndirectInputEvents = YES;
				INFOPLIST_KEY_UILaunchScreen_Generation = YES;
				INFOPLIST_KEY_UISupportedInterfaceOrientations_iPad = "UIInterfaceOrientationPortrait UIInterfaceOrientationPortraitUpsideDown UIInterfaceOrientationLandscapeLeft UIInterfaceOrientationLandscapeRight";
				INFOPLIST_KEY_UISupportedInterfaceOrientations_iPhone = "UIInterfaceOrientationPortrait UIInterfaceOrientationLandscapeLeft UIInterfaceOrientationLandscapeRight";
				LD_RUNPATH_SEARCH_PATHS = (
					"$(inherited)",
					"@executable_path/Frameworks",
				);
				MARKETING_VERSION = 1.0;
				PRODUCT_BUNDLE_IDENTIFIER = "com.syproj.general-project";
				PRODUCT_NAME = "$(TARGET_NAME)";
				SWIFT_EMIT_LOC_STRINGS = YES;
				SWIFT_VERSION = 5.0;
				TARGETED_DEVICE_FAMILY = "1,2";
			};
			name = Release;
		};
		4FFFC5E12D6AED0100591210 /* Debug */ = {
			isa = XCBuildConfiguration;
			buildSettings = {
				BUNDLE_LOADER = "$(TEST_HOST)";
				CODE_SIGN_STYLE = Automatic;
				CURRENT_PROJECT_VERSION = 1;
				DEVELOPMENT_TEAM = ZWZA259GK8;
				GENERATE_INFOPLIST_FILE = YES;
				IPHONEOS_DEPLOYMENT_TARGET = 18.2;
				MARKETING_VERSION = 1.0;
				PRODUCT_BUNDLE_IDENTIFIER = "com.syproj.general-projectTests";
				PRODUCT_NAME = "$(TARGET_NAME)";
				SWIFT_EMIT_LOC_STRINGS = NO;
				SWIFT_VERSION = 5.0;
				TARGETED_DEVICE_FAMILY = "1,2";
				TEST_HOST = "$(BUILT_PRODUCTS_DIR)/general_project.app/$(BUNDLE_EXECUTABLE_FOLDER_PATH)/general_project";
			};
			name = Debug;
		};
		4FFFC5E22D6AED0100591210 /* Release */ = {
			isa = XCBuildConfiguration;
			buildSettings = {
				BUNDLE_LOADER = "$(TEST_HOST)";
				CODE_SIGN_STYLE = Automatic;
				CURRENT_PROJECT_VERSION = 1;
				DEVELOPMENT_TEAM = ZWZA259GK8;
				GENERATE_INFOPLIST_FILE = YES;
				IPHONEOS_DEPLOYMENT_TARGET = 18.2;
				MARKETING_VERSION = 1.0;
				PRODUCT_BUNDLE_IDENTIFIER = "com.syproj.general-projectTests";
				PRODUCT_NAME = "$(TARGET_NAME)";
				SWIFT_EMIT_LOC_STRINGS = NO;
				SWIFT_VERSION = 5.0;
				TARGETED_DEVICE_FAMILY = "1,2";
				TEST_HOST = "$(BUILT_PRODUCTS_DIR)/general_project.app/$(BUNDLE_EXECUTABLE_FOLDER_PATH)/general_project";
			};
			name = Release;
		};
		4FFFC5E42D6AED0100591210 /* Debug */ = {
			isa = XCBuildConfiguration;
			buildSettings = {
				CODE_SIGN_STYLE = Automatic;
				CURRENT_PROJECT_VERSION = 1;
				DEVELOPMENT_TEAM = ZWZA259GK8;
				GENERATE_INFOPLIST_FILE = YES;
				MARKETING_VERSION = 1.0;
				PRODUCT_BUNDLE_IDENTIFIER = "com.syproj.general-projectUITests";
				PRODUCT_NAME = "$(TARGET_NAME)";
				SWIFT_EMIT_LOC_STRINGS = NO;
				SWIFT_VERSION = 5.0;
				TARGETED_DEVICE_FAMILY = "1,2";
				TEST_TARGET_NAME = general_project;
			};
			name = Debug;
		};
		4FFFC5E52D6AED0100591210 /* Release */ = {
			isa = XCBuildConfiguration;
			buildSettings = {
				CODE_SIGN_STYLE = Automatic;
				CURRENT_PROJECT_VERSION = 1;
				DEVELOPMENT_TEAM = ZWZA259GK8;
				GENERATE_INFOPLIST_FILE = YES;
				MARKETING_VERSION = 1.0;
				PRODUCT_BUNDLE_IDENTIFIER = "com.syproj.general-projectUITests";
				PRODUCT_NAME = "$(TARGET_NAME)";
				SWIFT_EMIT_LOC_STRINGS = NO;
				SWIFT_VERSION = 5.0;
				TARGETED_DEVICE_FAMILY = "1,2";
				TEST_TARGET_NAME = general_project;
			};
			name = Release;
		};
/* End XCBuildConfiguration section */

/* Begin XCConfigurationList section */
		4FFFC5B42D6AECFF00591210 /* Build configuration list for PBXProject "general_project" */ = {
			isa = XCConfigurationList;
			buildConfigurations = (
				4FFFC5DB2D6AED0100591210 /* Debug */,
				4FFFC5DC2D6AED0100591210 /* Release */,
			);
			defaultConfigurationIsVisible = 0;
			defaultConfigurationName = Release;
		};
		4FFFC5DD2D6AED0100591210 /* Build configuration list for PBXNativeTarget "general_project" */ = {
			isa = XCConfigurationList;
			buildConfigurations = (
				4FFFC5DE2D6AED0100591210 /* Debug */,
				4FFFC5DF2D6AED0100591210 /* Release */,
			);
			defaultConfigurationIsVisible = 0;
			defaultConfigurationName = Release;
		};
		4FFFC5E02D6AED0100591210 /* Build configuration list for PBXNativeTarget "general_projectTests" */ = {
			isa = XCConfigurationList;
			buildConfigurations = (
				4FFFC5E12D6AED0100591210 /* Debug */,
				4FFFC5E22D6AED0100591210 /* Release */,
			);
			defaultConfigurationIsVisible = 0;
			defaultConfigurationName = Release;
		};
		4FFFC5E32D6AED0100591210 /* Build configuration list for PBXNativeTarget "general_projectUITests" */ = {
			isa = XCConfigurationList;
			buildConfigurations = (
				4FFFC5E42D6AED0100591210 /* Debug */,
				4FFFC5E52D6AED0100591210 /* Release */,
			);
			defaultConfigurationIsVisible = 0;
			defaultConfigurationName = Release;
		};
/* End XCConfigurationList section */

/* Begin XCRemoteSwiftPackageReference section */
		4F00ACC62DD1F34B00790387 /* XCRemoteSwiftPackageReference "Kingfisher" */ = {
			isa = XCRemoteSwiftPackageReference;
			repositoryURL = "https://github.com/onevcat/Kingfisher.git";
			requirement = {
				kind = upToNextMajorVersion;
				minimumVersion = 8.3.2;
			};
		};
/* End XCRemoteSwiftPackageReference section */

/* Begin XCSwiftPackageProductDependency section */
		4F00ACC72DD1F34B00790387 /* Kingfisher */ = {
			isa = XCSwiftPackageProductDependency;
			package = 4F00ACC62DD1F34B00790387 /* XCRemoteSwiftPackageReference "Kingfisher" */;
			productName = Kingfisher;
		};
/* End XCSwiftPackageProductDependency section */
	};
	rootObject = 4FFFC5B12D6AECFF00591210 /* Project object */;
}
